<Solution>
  <Folder Name="/Solution Items/">
    <File Path="../../../OneDrive/Pictures/Screenshots/cars-table.png" />
    <File Path="../../../OneDrive/Pictures/Screenshots/rego-check.png" />
    <File Path="README.md" />
  </Folder>
  <Project Path="PlanCare/PlanCare.csproj" />
  <Project Path="SpaPlanCare/spaplancare.esproj">
    <Build />
    <Deploy />
  </Project>
</Solution>
